
Microsoft Visual Studio Solution File, Format Version 12.00
# Visual Studio Version 16
VisualStudioVersion = 16.0.30204.135
MinimumVisualStudioVersion = 10.0.40219.1
Project("{2150E333-8FDC-42A3-9474-1A3956D46DE8}") = "Solution Items", "Solution Items", "{335B1379-6C95-4DCE-8D89-6602C387C26D}"
	ProjectSection(SolutionItems) = preProject
		.editorconfig = .editorconfig
		..\appveyor.yml = ..\appveyor.yml
		Build.ps1 = Build.ps1
		default.build = default.build
		..\README.md = ..\README.md
	EndProjectSection
EndProject
Project("{9A19103F-16F7-4668-BE54-9A1E7A4F7556}") = "Cortside.Common.Configuration", "Cortside.Common.Configuration\Cortside.Common.Configuration.csproj", "{22684E18-2ADE-4218-BA96-307DE6F0E70D}"
EndProject
Project("{9A19103F-16F7-4668-BE54-9A1E7A4F7556}") = "Cortside.Common.Data.Exceptions", "Cortside.Common.Data.Exceptions\Cortside.Common.Data.Exceptions.csproj", "{64F35D86-409F-4EBB-B390-CC12A1AB4A98}"
EndProject
Project("{9A19103F-16F7-4668-BE54-9A1E7A4F7556}") = "Cortside.Common.Command", "Cortside.Common.Command\Cortside.Common.Command.csproj", "{0EFFF594-E9F5-49DE-B094-76BCC8B2446F}"
EndProject
Project("{9A19103F-16F7-4668-BE54-9A1E7A4F7556}") = "Cortside.Common.Query", "Cortside.Common.Query\Cortside.Common.Query.csproj", "{B6E15A62-9F7C-4434-B8E6-2EBD30821A16}"
EndProject
Project("{9A19103F-16F7-4668-BE54-9A1E7A4F7556}") = "Cortside.Common.IoC", "Cortside.Common.IoC\Cortside.Common.IoC.csproj", "{1144EC13-42B0-4CCC-AF93-90EF860CA5F3}"
EndProject
Project("{9A19103F-16F7-4668-BE54-9A1E7A4F7556}") = "Cortside.Common.BootStrap", "Cortside.Common.BootStrap\Cortside.Common.BootStrap.csproj", "{BDB9E305-CCC1-4FAD-94B9-797CC0D47E0E}"
EndProject
Project("{9A19103F-16F7-4668-BE54-9A1E7A4F7556}") = "Cortside.Common.RabbitMQ", "Cortside.Common.RabbitMQ\Cortside.Common.RabbitMQ.csproj", "{CE42E6F0-C91C-4CDF-8D32-E674FD6D125A}"
EndProject
Project("{9A19103F-16F7-4668-BE54-9A1E7A4F7556}") = "Cortside.Common.Message", "Cortside.Common.Message\Cortside.Common.Message.csproj", "{DC7D0913-A1BA-4F80-85F4-BAEF02D31D33}"
EndProject
Project("{9A19103F-16F7-4668-BE54-9A1E7A4F7556}") = "Cortside.Common.Web.Mvc", "Cortside.Common.Web.Mvc\Cortside.Common.Web.Mvc.csproj", "{2952843A-F6EA-4CA5-B427-E3A4D00C71C4}"
EndProject
Project("{9A19103F-16F7-4668-BE54-9A1E7A4F7556}") = "Cortside.Common.Web.Security", "Cortside.Common.Web.Security\Cortside.Common.Web.Security.csproj", "{25F3DD2C-7958-4BC3-ABBB-82054972DA41}"
EndProject
Project("{9A19103F-16F7-4668-BE54-9A1E7A4F7556}") = "Cortside.Common.DomainEvent", "Cortside.Common.DomainEvent\Cortside.Common.DomainEvent.csproj", "{F0FB9FE9-C5F2-4514-B4A9-0A90DA07D36B}"
EndProject
Project("{9A19103F-16F7-4668-BE54-9A1E7A4F7556}") = "Cortside.Common.DomainEvent.Tests", "Cortside.Common.DomainEvent.Tests\Cortside.Common.DomainEvent.Tests.csproj", "{1E370B56-A7EF-481C-86D3-70F4AE5C87DE}"
EndProject
Project("{9A19103F-16F7-4668-BE54-9A1E7A4F7556}") = "Cortside.Common.Correlation", "Cortside.Common.Correlation\Cortside.Common.Correlation.csproj", "{18B8A2BD-4CA6-4550-A8F0-4CF43A175E55}"
EndProject
Project("{9A19103F-16F7-4668-BE54-9A1E7A4F7556}") = "Cortside.Common.TestingUtilities", "Cortside.Common.TestingUtilities\Cortside.Common.TestingUtilities.csproj", "{09D31A25-5A87-49B5-A06E-F080103DCBA6}"
EndProject
Project("{9A19103F-16F7-4668-BE54-9A1E7A4F7556}") = "Cortside.Common.Hosting", "Cortside.Common.Hosting\Cortside.Common.Hosting.csproj", "{8EEC319B-95B5-4C38-9EAB-2581F873DCCA}"
EndProject
Project("{9A19103F-16F7-4668-BE54-9A1E7A4F7556}") = "Cortside.Common.Json", "Cortside.Common.Json\Cortside.Common.Json.csproj", "{2613552A-3A3E-4E70-B331-A2401C06D8BE}"
EndProject
Project("{9A19103F-16F7-4668-BE54-9A1E7A4F7556}") = "Cortside.Common.Json.Tests", "Cortside.Common.Json.Tests\Cortside.Common.Json.Tests.csproj", "{607DF5AE-159F-4341-8E7B-7E5A3848AA74}"
EndProject
Project("{FAE04EC0-301F-11D3-BF4B-00C04F79EFBC}") = "Cortside.Common.Threading", "Cortside.Common.Threading\Cortside.Common.Threading.csproj", "{C1D47B6E-94AB-40EC-B748-B177EEC38E1F}"
EndProject
Project("{FAE04EC0-301F-11D3-BF4B-00C04F79EFBC}") = "Cortside.Common.Threading.Tests", "Cortside.Common.Threading.Tests\Cortside.Common.Threading.Tests.csproj", "{68B29CC6-0742-43E1-A7B3-C9C202548BAE}"
EndProject
Global
	GlobalSection(SolutionConfigurationPlatforms) = preSolution
		Debug|Any CPU = Debug|Any CPU
		Release|Any CPU = Release|Any CPU
	EndGlobalSection
	GlobalSection(ProjectConfigurationPlatforms) = postSolution
		{22684E18-2ADE-4218-BA96-307DE6F0E70D}.Debug|Any CPU.ActiveCfg = Debug|Any CPU
		{22684E18-2ADE-4218-BA96-307DE6F0E70D}.Debug|Any CPU.Build.0 = Debug|Any CPU
		{22684E18-2ADE-4218-BA96-307DE6F0E70D}.Release|Any CPU.ActiveCfg = Release|Any CPU
		{22684E18-2ADE-4218-BA96-307DE6F0E70D}.Release|Any CPU.Build.0 = Release|Any CPU
		{64F35D86-409F-4EBB-B390-CC12A1AB4A98}.Debug|Any CPU.ActiveCfg = Debug|Any CPU
		{64F35D86-409F-4EBB-B390-CC12A1AB4A98}.Debug|Any CPU.Build.0 = Debug|Any CPU
		{64F35D86-409F-4EBB-B390-CC12A1AB4A98}.Release|Any CPU.ActiveCfg = Release|Any CPU
		{64F35D86-409F-4EBB-B390-CC12A1AB4A98}.Release|Any CPU.Build.0 = Release|Any CPU
		{0EFFF594-E9F5-49DE-B094-76BCC8B2446F}.Debug|Any CPU.ActiveCfg = Debug|Any CPU
		{0EFFF594-E9F5-49DE-B094-76BCC8B2446F}.Debug|Any CPU.Build.0 = Debug|Any CPU
		{0EFFF594-E9F5-49DE-B094-76BCC8B2446F}.Release|Any CPU.ActiveCfg = Release|Any CPU
		{0EFFF594-E9F5-49DE-B094-76BCC8B2446F}.Release|Any CPU.Build.0 = Release|Any CPU
		{B6E15A62-9F7C-4434-B8E6-2EBD30821A16}.Debug|Any CPU.ActiveCfg = Debug|Any CPU
		{B6E15A62-9F7C-4434-B8E6-2EBD30821A16}.Debug|Any CPU.Build.0 = Debug|Any CPU
		{B6E15A62-9F7C-4434-B8E6-2EBD30821A16}.Release|Any CPU.ActiveCfg = Release|Any CPU
		{B6E15A62-9F7C-4434-B8E6-2EBD30821A16}.Release|Any CPU.Build.0 = Release|Any CPU
		{1144EC13-42B0-4CCC-AF93-90EF860CA5F3}.Debug|Any CPU.ActiveCfg = Debug|Any CPU
		{1144EC13-42B0-4CCC-AF93-90EF860CA5F3}.Debug|Any CPU.Build.0 = Debug|Any CPU
		{1144EC13-42B0-4CCC-AF93-90EF860CA5F3}.Release|Any CPU.ActiveCfg = Release|Any CPU
		{1144EC13-42B0-4CCC-AF93-90EF860CA5F3}.Release|Any CPU.Build.0 = Release|Any CPU
		{BDB9E305-CCC1-4FAD-94B9-797CC0D47E0E}.Debug|Any CPU.ActiveCfg = Debug|Any CPU
		{BDB9E305-CCC1-4FAD-94B9-797CC0D47E0E}.Debug|Any CPU.Build.0 = Debug|Any CPU
		{BDB9E305-CCC1-4FAD-94B9-797CC0D47E0E}.Release|Any CPU.ActiveCfg = Release|Any CPU
		{BDB9E305-CCC1-4FAD-94B9-797CC0D47E0E}.Release|Any CPU.Build.0 = Release|Any CPU
		{CE42E6F0-C91C-4CDF-8D32-E674FD6D125A}.Debug|Any CPU.ActiveCfg = Debug|Any CPU
		{CE42E6F0-C91C-4CDF-8D32-E674FD6D125A}.Debug|Any CPU.Build.0 = Debug|Any CPU
		{CE42E6F0-C91C-4CDF-8D32-E674FD6D125A}.Release|Any CPU.ActiveCfg = Release|Any CPU
		{CE42E6F0-C91C-4CDF-8D32-E674FD6D125A}.Release|Any CPU.Build.0 = Release|Any CPU
		{DC7D0913-A1BA-4F80-85F4-BAEF02D31D33}.Debug|Any CPU.ActiveCfg = Debug|Any CPU
		{DC7D0913-A1BA-4F80-85F4-BAEF02D31D33}.Debug|Any CPU.Build.0 = Debug|Any CPU
		{DC7D0913-A1BA-4F80-85F4-BAEF02D31D33}.Release|Any CPU.ActiveCfg = Release|Any CPU
		{DC7D0913-A1BA-4F80-85F4-BAEF02D31D33}.Release|Any CPU.Build.0 = Release|Any CPU
		{2952843A-F6EA-4CA5-B427-E3A4D00C71C4}.Debug|Any CPU.ActiveCfg = Debug|Any CPU
		{2952843A-F6EA-4CA5-B427-E3A4D00C71C4}.Debug|Any CPU.Build.0 = Debug|Any CPU
		{2952843A-F6EA-4CA5-B427-E3A4D00C71C4}.Release|Any CPU.ActiveCfg = Release|Any CPU
		{2952843A-F6EA-4CA5-B427-E3A4D00C71C4}.Release|Any CPU.Build.0 = Release|Any CPU
		{25F3DD2C-7958-4BC3-ABBB-82054972DA41}.Debug|Any CPU.ActiveCfg = Debug|Any CPU
		{25F3DD2C-7958-4BC3-ABBB-82054972DA41}.Debug|Any CPU.Build.0 = Debug|Any CPU
		{25F3DD2C-7958-4BC3-ABBB-82054972DA41}.Release|Any CPU.ActiveCfg = Release|Any CPU
		{25F3DD2C-7958-4BC3-ABBB-82054972DA41}.Release|Any CPU.Build.0 = Release|Any CPU
		{F0FB9FE9-C5F2-4514-B4A9-0A90DA07D36B}.Debug|Any CPU.ActiveCfg = Debug|Any CPU
		{F0FB9FE9-C5F2-4514-B4A9-0A90DA07D36B}.Debug|Any CPU.Build.0 = Debug|Any CPU
		{F0FB9FE9-C5F2-4514-B4A9-0A90DA07D36B}.Release|Any CPU.ActiveCfg = Release|Any CPU
		{F0FB9FE9-C5F2-4514-B4A9-0A90DA07D36B}.Release|Any CPU.Build.0 = Release|Any CPU
		{1E370B56-A7EF-481C-86D3-70F4AE5C87DE}.Debug|Any CPU.ActiveCfg = Debug|Any CPU
		{1E370B56-A7EF-481C-86D3-70F4AE5C87DE}.Debug|Any CPU.Build.0 = Debug|Any CPU
		{1E370B56-A7EF-481C-86D3-70F4AE5C87DE}.Release|Any CPU.ActiveCfg = Release|Any CPU
		{1E370B56-A7EF-481C-86D3-70F4AE5C87DE}.Release|Any CPU.Build.0 = Release|Any CPU
		{18B8A2BD-4CA6-4550-A8F0-4CF43A175E55}.Debug|Any CPU.ActiveCfg = Debug|Any CPU
		{18B8A2BD-4CA6-4550-A8F0-4CF43A175E55}.Debug|Any CPU.Build.0 = Debug|Any CPU
		{18B8A2BD-4CA6-4550-A8F0-4CF43A175E55}.Release|Any CPU.ActiveCfg = Release|Any CPU
		{18B8A2BD-4CA6-4550-A8F0-4CF43A175E55}.Release|Any CPU.Build.0 = Release|Any CPU
		{09D31A25-5A87-49B5-A06E-F080103DCBA6}.Debug|Any CPU.ActiveCfg = Debug|Any CPU
		{09D31A25-5A87-49B5-A06E-F080103DCBA6}.Debug|Any CPU.Build.0 = Debug|Any CPU
		{09D31A25-5A87-49B5-A06E-F080103DCBA6}.Release|Any CPU.ActiveCfg = Release|Any CPU
		{09D31A25-5A87-49B5-A06E-F080103DCBA6}.Release|Any CPU.Build.0 = Release|Any CPU
		{8EEC319B-95B5-4C38-9EAB-2581F873DCCA}.Debug|Any CPU.ActiveCfg = Debug|Any CPU
		{8EEC319B-95B5-4C38-9EAB-2581F873DCCA}.Debug|Any CPU.Build.0 = Debug|Any CPU
		{8EEC319B-95B5-4C38-9EAB-2581F873DCCA}.Release|Any CPU.ActiveCfg = Release|Any CPU
		{8EEC319B-95B5-4C38-9EAB-2581F873DCCA}.Release|Any CPU.Build.0 = Release|Any CPU
		{2613552A-3A3E-4E70-B331-A2401C06D8BE}.Debug|Any CPU.ActiveCfg = Debug|Any CPU
		{2613552A-3A3E-4E70-B331-A2401C06D8BE}.Debug|Any CPU.Build.0 = Debug|Any CPU
		{2613552A-3A3E-4E70-B331-A2401C06D8BE}.Release|Any CPU.ActiveCfg = Release|Any CPU
		{2613552A-3A3E-4E70-B331-A2401C06D8BE}.Release|Any CPU.Build.0 = Release|Any CPU
		{607DF5AE-159F-4341-8E7B-7E5A3848AA74}.Debug|Any CPU.ActiveCfg = Debug|Any CPU
		{607DF5AE-159F-4341-8E7B-7E5A3848AA74}.Debug|Any CPU.Build.0 = Debug|Any CPU
		{607DF5AE-159F-4341-8E7B-7E5A3848AA74}.Release|Any CPU.ActiveCfg = Release|Any CPU
		{607DF5AE-159F-4341-8E7B-7E5A3848AA74}.Release|Any CPU.Build.0 = Release|Any CPU
		{C1D47B6E-94AB-40EC-B748-B177EEC38E1F}.Debug|Any CPU.ActiveCfg = Debug|Any CPU
		{C1D47B6E-94AB-40EC-B748-B177EEC38E1F}.Debug|Any CPU.Build.0 = Debug|Any CPU
		{C1D47B6E-94AB-40EC-B748-B177EEC38E1F}.Release|Any CPU.ActiveCfg = Release|Any CPU
		{C1D47B6E-94AB-40EC-B748-B177EEC38E1F}.Release|Any CPU.Build.0 = Release|Any CPU
		{68B29CC6-0742-43E1-A7B3-C9C202548BAE}.Debug|Any CPU.ActiveCfg = Debug|Any CPU
		{68B29CC6-0742-43E1-A7B3-C9C202548BAE}.Debug|Any CPU.Build.0 = Debug|Any CPU
		{68B29CC6-0742-43E1-A7B3-C9C202548BAE}.Release|Any CPU.ActiveCfg = Release|Any CPU
		{68B29CC6-0742-43E1-A7B3-C9C202548BAE}.Release|Any CPU.Build.0 = Release|Any CPU
	EndGlobalSection
	GlobalSection(SolutionProperties) = preSolution
		HideSolutionNode = FALSE
	EndGlobalSection
	GlobalSection(ExtensibilityGlobals) = postSolution
		SolutionGuid = {DD00D9E8-8D42-40AE-9315-0D447B0C5275}
	EndGlobalSection
EndGlobal
