
Microsoft Visual Studio Solution File, Format Version 12.00
# Visual Studio 15
VisualStudioVersion = 15.0.26430.16
MinimumVisualStudioVersion = 10.0.40219.1
Project("{2150E333-8FDC-42A3-9474-1A3956D46DE8}") = "Solution Items", "Solution Items", "{335B1379-6C95-4DCE-8D89-6602C387C26D}"
	ProjectSection(SolutionItems) = preProject
		..\appveyor.yml = ..\appveyor.yml
		Build.ps1 = Build.ps1
		default.build = default.build
	EndProjectSection
EndProject
Project("{9A19103F-16F7-4668-BE54-9A1E7A4F7556}") = "Spring2.Common.Configuration", "Spring2.Common.Configuration\Spring2.Common.Configuration.csproj", "{22684E18-2ADE-4218-BA96-307DE6F0E70D}"
EndProject
Project("{9A19103F-16F7-4668-BE54-9A1E7A4F7556}") = "Spring2.Common.Data.Exceptions", "Spring2.Common.Data.Exceptions\Spring2.Common.Data.Exceptions.csproj", "{64F35D86-409F-4EBB-B390-CC12A1AB4A98}"
EndProject
Project("{9A19103F-16F7-4668-BE54-9A1E7A4F7556}") = "Spring2.Common.Command", "Spring2.Common.Command\Spring2.Common.Command.csproj", "{0EFFF594-E9F5-49DE-B094-76BCC8B2446F}"
EndProject
Project("{9A19103F-16F7-4668-BE54-9A1E7A4F7556}") = "Spring2.Common.Query", "Spring2.Common.Query\Spring2.Common.Query.csproj", "{B6E15A62-9F7C-4434-B8E6-2EBD30821A16}"
EndProject
Project("{9A19103F-16F7-4668-BE54-9A1E7A4F7556}") = "Spring2.Common.IoC", "Spring2.Common.IoC\Spring2.Common.IoC.csproj", "{1144EC13-42B0-4CCC-AF93-90EF860CA5F3}"
EndProject
Project("{9A19103F-16F7-4668-BE54-9A1E7A4F7556}") = "Spring2.Common.BootStrap", "Spring2.Common.BootStrap\Spring2.Common.BootStrap.csproj", "{BDB9E305-CCC1-4FAD-94B9-797CC0D47E0E}"
EndProject
Project("{9A19103F-16F7-4668-BE54-9A1E7A4F7556}") = "Spring2.Common.RabbitMQ", "Spring2.Common.RabbitMQ\Spring2.Common.RabbitMQ.csproj", "{CE42E6F0-C91C-4CDF-8D32-E674FD6D125A}"
EndProject
Project("{9A19103F-16F7-4668-BE54-9A1E7A4F7556}") = "Spring2.Common.Message", "Spring2.Common.Message\Spring2.Common.Message.csproj", "{DC7D0913-A1BA-4F80-85F4-BAEF02D31D33}"
EndProject
Project("{9A19103F-16F7-4668-BE54-9A1E7A4F7556}") = "Spring2.Common.Web.Mvc", "Spring2.Common.Web.Mvc\Spring2.Common.Web.Mvc.csproj", "{2952843A-F6EA-4CA5-B427-E3A4D00C71C4}"
EndProject
Project("{9A19103F-16F7-4668-BE54-9A1E7A4F7556}") = "Spring2.Common.Web.Security", "Spring2.Common.Web.Security\Spring2.Common.Web.Security.csproj", "{25F3DD2C-7958-4BC3-ABBB-82054972DA41}"
EndProject
Project("{9A19103F-16F7-4668-BE54-9A1E7A4F7556}") = "Spring2.Common.DomainEvent", "Spring2.Common.DomainEvent\Spring2.Common.DomainEvent.csproj", "{F0FB9FE9-C5F2-4514-B4A9-0A90DA07D36B}"
EndProject
Project("{FAE04EC0-301F-11D3-BF4B-00C04F79EFBC}") = "Spring2.Common.DomainEvent.Tests", "Spring2.Common.DomainEvent.Tests\Spring2.Common.DomainEvent.Tests.csproj", "{1E370B56-A7EF-481C-86D3-70F4AE5C87DE}"
EndProject
Global
	GlobalSection(SolutionConfigurationPlatforms) = preSolution
		Debug|Any CPU = Debug|Any CPU
		Release|Any CPU = Release|Any CPU
	EndGlobalSection
	GlobalSection(ProjectConfigurationPlatforms) = postSolution
		{22684E18-2ADE-4218-BA96-307DE6F0E70D}.Debug|Any CPU.ActiveCfg = Debug|Any CPU
		{22684E18-2ADE-4218-BA96-307DE6F0E70D}.Debug|Any CPU.Build.0 = Debug|Any CPU
		{22684E18-2ADE-4218-BA96-307DE6F0E70D}.Release|Any CPU.ActiveCfg = Release|Any CPU
		{22684E18-2ADE-4218-BA96-307DE6F0E70D}.Release|Any CPU.Build.0 = Release|Any CPU
		{64F35D86-409F-4EBB-B390-CC12A1AB4A98}.Debug|Any CPU.ActiveCfg = Debug|Any CPU
		{64F35D86-409F-4EBB-B390-CC12A1AB4A98}.Debug|Any CPU.Build.0 = Debug|Any CPU
		{64F35D86-409F-4EBB-B390-CC12A1AB4A98}.Release|Any CPU.ActiveCfg = Release|Any CPU
		{64F35D86-409F-4EBB-B390-CC12A1AB4A98}.Release|Any CPU.Build.0 = Release|Any CPU
		{0EFFF594-E9F5-49DE-B094-76BCC8B2446F}.Debug|Any CPU.ActiveCfg = Debug|Any CPU
		{0EFFF594-E9F5-49DE-B094-76BCC8B2446F}.Debug|Any CPU.Build.0 = Debug|Any CPU
		{0EFFF594-E9F5-49DE-B094-76BCC8B2446F}.Release|Any CPU.ActiveCfg = Release|Any CPU
		{0EFFF594-E9F5-49DE-B094-76BCC8B2446F}.Release|Any CPU.Build.0 = Release|Any CPU
		{B6E15A62-9F7C-4434-B8E6-2EBD30821A16}.Debug|Any CPU.ActiveCfg = Debug|Any CPU
		{B6E15A62-9F7C-4434-B8E6-2EBD30821A16}.Debug|Any CPU.Build.0 = Debug|Any CPU
		{B6E15A62-9F7C-4434-B8E6-2EBD30821A16}.Release|Any CPU.ActiveCfg = Release|Any CPU
		{B6E15A62-9F7C-4434-B8E6-2EBD30821A16}.Release|Any CPU.Build.0 = Release|Any CPU
		{1144EC13-42B0-4CCC-AF93-90EF860CA5F3}.Debug|Any CPU.ActiveCfg = Debug|Any CPU
		{1144EC13-42B0-4CCC-AF93-90EF860CA5F3}.Debug|Any CPU.Build.0 = Debug|Any CPU
		{1144EC13-42B0-4CCC-AF93-90EF860CA5F3}.Release|Any CPU.ActiveCfg = Release|Any CPU
		{1144EC13-42B0-4CCC-AF93-90EF860CA5F3}.Release|Any CPU.Build.0 = Release|Any CPU
		{BDB9E305-CCC1-4FAD-94B9-797CC0D47E0E}.Debug|Any CPU.ActiveCfg = Debug|Any CPU
		{BDB9E305-CCC1-4FAD-94B9-797CC0D47E0E}.Debug|Any CPU.Build.0 = Debug|Any CPU
		{BDB9E305-CCC1-4FAD-94B9-797CC0D47E0E}.Release|Any CPU.ActiveCfg = Release|Any CPU
		{BDB9E305-CCC1-4FAD-94B9-797CC0D47E0E}.Release|Any CPU.Build.0 = Release|Any CPU
		{CE42E6F0-C91C-4CDF-8D32-E674FD6D125A}.Debug|Any CPU.ActiveCfg = Debug|Any CPU
		{CE42E6F0-C91C-4CDF-8D32-E674FD6D125A}.Debug|Any CPU.Build.0 = Debug|Any CPU
		{CE42E6F0-C91C-4CDF-8D32-E674FD6D125A}.Release|Any CPU.ActiveCfg = Release|Any CPU
		{CE42E6F0-C91C-4CDF-8D32-E674FD6D125A}.Release|Any CPU.Build.0 = Release|Any CPU
		{DC7D0913-A1BA-4F80-85F4-BAEF02D31D33}.Debug|Any CPU.ActiveCfg = Debug|Any CPU
		{DC7D0913-A1BA-4F80-85F4-BAEF02D31D33}.Debug|Any CPU.Build.0 = Debug|Any CPU
		{DC7D0913-A1BA-4F80-85F4-BAEF02D31D33}.Release|Any CPU.ActiveCfg = Release|Any CPU
		{DC7D0913-A1BA-4F80-85F4-BAEF02D31D33}.Release|Any CPU.Build.0 = Release|Any CPU
		{2952843A-F6EA-4CA5-B427-E3A4D00C71C4}.Debug|Any CPU.ActiveCfg = Debug|Any CPU
		{2952843A-F6EA-4CA5-B427-E3A4D00C71C4}.Debug|Any CPU.Build.0 = Debug|Any CPU
		{2952843A-F6EA-4CA5-B427-E3A4D00C71C4}.Release|Any CPU.ActiveCfg = Release|Any CPU
		{2952843A-F6EA-4CA5-B427-E3A4D00C71C4}.Release|Any CPU.Build.0 = Release|Any CPU
		{25F3DD2C-7958-4BC3-ABBB-82054972DA41}.Debug|Any CPU.ActiveCfg = Debug|Any CPU
		{25F3DD2C-7958-4BC3-ABBB-82054972DA41}.Debug|Any CPU.Build.0 = Debug|Any CPU
		{25F3DD2C-7958-4BC3-ABBB-82054972DA41}.Release|Any CPU.ActiveCfg = Release|Any CPU
		{25F3DD2C-7958-4BC3-ABBB-82054972DA41}.Release|Any CPU.Build.0 = Release|Any CPU
		{F0FB9FE9-C5F2-4514-B4A9-0A90DA07D36B}.Debug|Any CPU.ActiveCfg = Debug|Any CPU
		{F0FB9FE9-C5F2-4514-B4A9-0A90DA07D36B}.Debug|Any CPU.Build.0 = Debug|Any CPU
		{F0FB9FE9-C5F2-4514-B4A9-0A90DA07D36B}.Release|Any CPU.ActiveCfg = Release|Any CPU
		{F0FB9FE9-C5F2-4514-B4A9-0A90DA07D36B}.Release|Any CPU.Build.0 = Release|Any CPU
		{1E370B56-A7EF-481C-86D3-70F4AE5C87DE}.Debug|Any CPU.ActiveCfg = Debug|Any CPU
		{1E370B56-A7EF-481C-86D3-70F4AE5C87DE}.Debug|Any CPU.Build.0 = Debug|Any CPU
		{1E370B56-A7EF-481C-86D3-70F4AE5C87DE}.Release|Any CPU.ActiveCfg = Release|Any CPU
		{1E370B56-A7EF-481C-86D3-70F4AE5C87DE}.Release|Any CPU.Build.0 = Release|Any CPU
	EndGlobalSection
	GlobalSection(SolutionProperties) = preSolution
		HideSolutionNode = FALSE
	EndGlobalSection
EndGlobal
